
Microsoft Visual Studio Solution File, Format Version 12.00
# Visual Studio Version 17
VisualStudioVersion = 17.11.35303.130
MinimumVisualStudioVersion = 10.0.40219.1
Project("{FAE04EC0-301F-11D3-BF4B-00C04F79EFBC}") = "GrpcServer", "GrpcServer\GrpcServer.csproj", "{20083D12-DB58-435B-92BB-7006C46732D7}"
EndProject
Project("{2150E333-8FDC-42A3-9474-1A3956D46DE8}") = "Элементы решения", "Элементы решения", "{B925673B-A0C0-49EA-93CF-924A33DAC815}"
	ProjectSection(SolutionItems) = preProject
		.dockerignore = .dockerignore
		docker-compose.yml = docker-compose.yml
	EndProjectSection
EndProject
Project("{FAE04EC0-301F-11D3-BF4B-00C04F79EFBC}") = "gRPCClient", "gRPCClient\gRPCClient.csproj", "{F45F68C9-DDCD-4F4C-AC6C-BEB2DBE1A501}"
EndProject
Global
	GlobalSection(SolutionConfigurationPlatforms) = preSolution
		Debug|Any CPU = Debug|Any CPU
		Release|Any CPU = Release|Any CPU
	EndGlobalSection
	GlobalSection(ProjectConfigurationPlatforms) = postSolution
		{20083D12-DB58-435B-92BB-7006C46732D7}.Debug|Any CPU.ActiveCfg = Debug|Any CPU
		{20083D12-DB58-435B-92BB-7006C46732D7}.Debug|Any CPU.Build.0 = Debug|Any CPU
		{20083D12-DB58-435B-92BB-7006C46732D7}.Release|Any CPU.ActiveCfg = Release|Any CPU
		{20083D12-DB58-435B-92BB-7006C46732D7}.Release|Any CPU.Build.0 = Release|Any CPU
		{F45F68C9-DDCD-4F4C-AC6C-BEB2DBE1A501}.Debug|Any CPU.ActiveCfg = Debug|Any CPU
		{F45F68C9-DDCD-4F4C-AC6C-BEB2DBE1A501}.Debug|Any CPU.Build.0 = Debug|Any CPU
		{F45F68C9-DDCD-4F4C-AC6C-BEB2DBE1A501}.Release|Any CPU.ActiveCfg = Release|Any CPU
		{F45F68C9-DDCD-4F4C-AC6C-BEB2DBE1A501}.Release|Any CPU.Build.0 = Release|Any CPU
	EndGlobalSection
	GlobalSection(SolutionProperties) = preSolution
		HideSolutionNode = FALSE
	EndGlobalSection
	GlobalSection(ExtensibilityGlobals) = postSolution
		SolutionGuid = {BF6A018E-2874-4912-BAB3-075BAAADB977}
	EndGlobalSection
EndGlobal
